
Microsoft Visual Studio Solution File, Format Version 12.00
# Visual Studio Version 16
VisualStudioVersion = 16.0.32126.315
MinimumVisualStudioVersion = 10.0.40219.1
Project("{FAE04EC0-301F-11D3-BF4B-00C04F79EFBC}") = "Binding_Practice", "Binding_Practice.csproj", "{39952C40-1108-4CC0-B0A7-C72C4DC57C02}"
EndProject
Global
	GlobalSection(SolutionConfigurationPlatforms) = preSolution
		Debug|Any CPU = Debug|Any CPU
		Release|Any CPU = Release|Any CPU
	EndGlobalSection
	GlobalSection(ProjectConfigurationPlatforms) = postSolution
		{39952C40-1108-4CC0-B0A7-C72C4DC57C02}.Debug|Any CPU.ActiveCfg = Debug|Any CPU
		{39952C40-1108-4CC0-B0A7-C72C4DC57C02}.Debug|Any CPU.Build.0 = Debug|Any CPU
		{39952C40-1108-4CC0-B0A7-C72C4DC57C02}.Release|Any CPU.ActiveCfg = Release|Any CPU
		{39952C40-1108-4CC0-B0A7-C72C4DC57C02}.Release|Any CPU.Build.0 = Release|Any CPU
	EndGlobalSection
	GlobalSection(SolutionProperties) = preSolution
		HideSolutionNode = FALSE
	EndGlobalSection
	GlobalSection(ExtensibilityGlobals) = postSolution
		SolutionGuid = {B8BCDAC4-6BE4-4A5E-8D2B-73CCEDA3CE1D}
	EndGlobalSection
EndGlobal
