
Microsoft Visual Studio Solution File, Format Version 12.00
# Visual Studio Version 17
VisualStudioVersion = 17.1.32210.238
MinimumVisualStudioVersion = 10.0.40219.1
Project("{FAE04EC0-301F-11D3-BF4B-00C04F79EFBC}") = "Section10_Create_App_Settings", "Section10_Create_App_Settings.csproj", "{4E1686B3-F1FF-425E-A9CD-BC687A00BB0B}"
EndProject
Global
	GlobalSection(SolutionConfigurationPlatforms) = preSolution
		Debug|Any CPU = Debug|Any CPU
		Release|Any CPU = Release|Any CPU
	EndGlobalSection
	GlobalSection(ProjectConfigurationPlatforms) = postSolution
		{4E1686B3-F1FF-425E-A9CD-BC687A00BB0B}.Debug|Any CPU.ActiveCfg = Debug|Any CPU
		{4E1686B3-F1FF-425E-A9CD-BC687A00BB0B}.Debug|Any CPU.Build.0 = Debug|Any CPU
		{4E1686B3-F1FF-425E-A9CD-BC687A00BB0B}.Release|Any CPU.ActiveCfg = Release|Any CPU
		{4E1686B3-F1FF-425E-A9CD-BC687A00BB0B}.Release|Any CPU.Build.0 = Release|Any CPU
	EndGlobalSection
	GlobalSection(SolutionProperties) = preSolution
		HideSolutionNode = FALSE
	EndGlobalSection
	GlobalSection(ExtensibilityGlobals) = postSolution
		SolutionGuid = {C9974F1C-7D43-424D-9C00-471EFCB5A962}
	EndGlobalSection
EndGlobal
