
Microsoft Visual Studio Solution File, Format Version 12.00
# Visual Studio Version 16
VisualStudioVersion = 16.0.32126.315
MinimumVisualStudioVersion = 10.0.40219.1
Project("{FAE04EC0-301F-11D3-BF4B-00C04F79EFBC}") = "Custom_Textbox_Control", "Custom_Textbox_Control.csproj", "{8EE795EF-B8B2-4C9F-AE37-5A2F9F67C1C9}"
EndProject
Global
	GlobalSection(SolutionConfigurationPlatforms) = preSolution
		Debug|Any CPU = Debug|Any CPU
		Release|Any CPU = Release|Any CPU
	EndGlobalSection
	GlobalSection(ProjectConfigurationPlatforms) = postSolution
		{8EE795EF-B8B2-4C9F-AE37-5A2F9F67C1C9}.Debug|Any CPU.ActiveCfg = Debug|Any CPU
		{8EE795EF-B8B2-4C9F-AE37-5A2F9F67C1C9}.Debug|Any CPU.Build.0 = Debug|Any CPU
		{8EE795EF-B8B2-4C9F-AE37-5A2F9F67C1C9}.Release|Any CPU.ActiveCfg = Release|Any CPU
		{8EE795EF-B8B2-4C9F-AE37-5A2F9F67C1C9}.Release|Any CPU.Build.0 = Release|Any CPU
	EndGlobalSection
	GlobalSection(SolutionProperties) = preSolution
		HideSolutionNode = FALSE
	EndGlobalSection
	GlobalSection(ExtensibilityGlobals) = postSolution
		SolutionGuid = {C75C3640-AF07-4934-80A7-005F4E18C450}
	EndGlobalSection
EndGlobal
