
Microsoft Visual Studio Solution File, Format Version 12.00
# Visual Studio Version 17
VisualStudioVersion = 17.1.32210.238
MinimumVisualStudioVersion = 10.0.40219.1
Project("{FAE04EC0-301F-11D3-BF4B-00C04F79EFBC}") = "13_Obserable_Collextion_With_List_View", "13_Obserable_Collextion_With_List_View\13_Obserable_Collextion_With_List_View.csproj", "{533BDCF8-19B3-4240-8FBB-F4BE98581543}"
EndProject
Global
	GlobalSection(SolutionConfigurationPlatforms) = preSolution
		Debug|Any CPU = Debug|Any CPU
		Release|Any CPU = Release|Any CPU
	EndGlobalSection
	GlobalSection(ProjectConfigurationPlatforms) = postSolution
		{533BDCF8-19B3-4240-8FBB-F4BE98581543}.Debug|Any CPU.ActiveCfg = Debug|Any CPU
		{533BDCF8-19B3-4240-8FBB-F4BE98581543}.Debug|Any CPU.Build.0 = Debug|Any CPU
		{533BDCF8-19B3-4240-8FBB-F4BE98581543}.Release|Any CPU.ActiveCfg = Release|Any CPU
		{533BDCF8-19B3-4240-8FBB-F4BE98581543}.Release|Any CPU.Build.0 = Release|Any CPU
	EndGlobalSection
	GlobalSection(SolutionProperties) = preSolution
		HideSolutionNode = FALSE
	EndGlobalSection
	GlobalSection(ExtensibilityGlobals) = postSolution
		SolutionGuid = {44DD5F6C-29EC-4CA0-8916-60D08B7B7336}
	EndGlobalSection
EndGlobal
