
Microsoft Visual Studio Solution File, Format Version 12.00
# Visual Studio Version 17
VisualStudioVersion = 17.1.32210.238
MinimumVisualStudioVersion = 10.0.40219.1
Project("{FAE04EC0-301F-11D3-BF4B-00C04F79EFBC}") = "CustomEventPractice", "CustomEventPractice\CustomEventPractice.csproj", "{D90A9076-72A3-41AF-A0E1-505080389949}"
EndProject
Global
	GlobalSection(SolutionConfigurationPlatforms) = preSolution
		Debug|Any CPU = Debug|Any CPU
		Release|Any CPU = Release|Any CPU
	EndGlobalSection
	GlobalSection(ProjectConfigurationPlatforms) = postSolution
		{D90A9076-72A3-41AF-A0E1-505080389949}.Debug|Any CPU.ActiveCfg = Debug|Any CPU
		{D90A9076-72A3-41AF-A0E1-505080389949}.Debug|Any CPU.Build.0 = Debug|Any CPU
		{D90A9076-72A3-41AF-A0E1-505080389949}.Release|Any CPU.ActiveCfg = Release|Any CPU
		{D90A9076-72A3-41AF-A0E1-505080389949}.Release|Any CPU.Build.0 = Release|Any CPU
	EndGlobalSection
	GlobalSection(SolutionProperties) = preSolution
		HideSolutionNode = FALSE
	EndGlobalSection
	GlobalSection(ExtensibilityGlobals) = postSolution
		SolutionGuid = {3B996CB3-97F9-4B8C-AA25-729B7D6D2962}
	EndGlobalSection
EndGlobal
